
Microsoft Visual Studio Solution File, Format Version 12.00
# Visual Studio 2013
VisualStudioVersion = 12.0.31101.0
MinimumVisualStudioVersion = 10.0.40219.1
Project("{FAE04EC0-301F-11D3-BF4B-00C04F79EFBC}") = "CS4_DesktopFinal", "CS4_DesktopFinal\CS4_DesktopFinal.csproj", "{B4288740-0C55-4FBE-ABB9-58ABAE0E6866}"
EndProject
Project("{00D1A9C2-B5F0-4AF3-8072-F6C62B433612}") = "Database", "Database\Database.sqlproj", "{2F27EB38-755B-4120-9301-85F5EF2C74E7}"
EndProject
Global
	GlobalSection(SolutionConfigurationPlatforms) = preSolution
		Debug|Any CPU = Debug|Any CPU
		Release|Any CPU = Release|Any CPU
	EndGlobalSection
	GlobalSection(ProjectConfigurationPlatforms) = postSolution
		{B4288740-0C55-4FBE-ABB9-58ABAE0E6866}.Debug|Any CPU.ActiveCfg = Debug|Any CPU
		{B4288740-0C55-4FBE-ABB9-58ABAE0E6866}.Debug|Any CPU.Build.0 = Debug|Any CPU
		{B4288740-0C55-4FBE-ABB9-58ABAE0E6866}.Release|Any CPU.ActiveCfg = Release|Any CPU
		{B4288740-0C55-4FBE-ABB9-58ABAE0E6866}.Release|Any CPU.Build.0 = Release|Any CPU
		{2F27EB38-755B-4120-9301-85F5EF2C74E7}.Debug|Any CPU.ActiveCfg = Debug|Any CPU
		{2F27EB38-755B-4120-9301-85F5EF2C74E7}.Debug|Any CPU.Build.0 = Debug|Any CPU
		{2F27EB38-755B-4120-9301-85F5EF2C74E7}.Debug|Any CPU.Deploy.0 = Debug|Any CPU
		{2F27EB38-755B-4120-9301-85F5EF2C74E7}.Release|Any CPU.ActiveCfg = Release|Any CPU
		{2F27EB38-755B-4120-9301-85F5EF2C74E7}.Release|Any CPU.Build.0 = Release|Any CPU
		{2F27EB38-755B-4120-9301-85F5EF2C74E7}.Release|Any CPU.Deploy.0 = Release|Any CPU
	EndGlobalSection
	GlobalSection(SolutionProperties) = preSolution
		HideSolutionNode = FALSE
	EndGlobalSection
EndGlobal
